
Microsoft Visual Studio Solution File, Format Version 12.00
# Visual Studio Version 16
VisualStudioVersion = 16.0.31005.135
MinimumVisualStudioVersion = 10.0.40219.1
Project("{FAE04EC0-301F-11D3-BF4B-00C04F79EFBC}") = "InventoryManagement", "InventoryManagement\InventoryManagement.csproj", "{D9C0A4C5-1593-4252-BE13-ED275555AC45}"
EndProject
Global
	GlobalSection(SolutionConfigurationPlatforms) = preSolution
		Debug|Any CPU = Debug|Any CPU
		Release|Any CPU = Release|Any CPU
	EndGlobalSection
	GlobalSection(ProjectConfigurationPlatforms) = postSolution
		{D9C0A4C5-1593-4252-BE13-ED275555AC45}.Debug|Any CPU.ActiveCfg = Debug|Any CPU
		{D9C0A4C5-1593-4252-BE13-ED275555AC45}.Debug|Any CPU.Build.0 = Debug|Any CPU
		{D9C0A4C5-1593-4252-BE13-ED275555AC45}.Release|Any CPU.ActiveCfg = Release|Any CPU
		{D9C0A4C5-1593-4252-BE13-ED275555AC45}.Release|Any CPU.Build.0 = Release|Any CPU
	EndGlobalSection
	GlobalSection(SolutionProperties) = preSolution
		HideSolutionNode = FALSE
	EndGlobalSection
	GlobalSection(ExtensibilityGlobals) = postSolution
		SolutionGuid = {7C4A07B6-0282-4A1C-A6F5-E96C364AE126}
	EndGlobalSection
EndGlobal
